
Microsoft Visual Studio Solution File, Format Version 12.00
# Visual Studio Version 17
VisualStudioVersion = 17.8.34316.72
MinimumVisualStudioVersion = 10.0.40219.1
Project("{FAE04EC0-301F-11D3-BF4B-00C04F79EFBC}") = "Practical2Ex1", "Practical2Ex1.csproj", "{F167DE7D-BD11-40F8-8537-4C971501B035}"
EndProject
Global
	GlobalSection(SolutionConfigurationPlatforms) = preSolution
		Debug|Any CPU = Debug|Any CPU
		Release|Any CPU = Release|Any CPU
	EndGlobalSection
	GlobalSection(ProjectConfigurationPlatforms) = postSolution
		{F167DE7D-BD11-40F8-8537-4C971501B035}.Debug|Any CPU.ActiveCfg = Debug|Any CPU
		{F167DE7D-BD11-40F8-8537-4C971501B035}.Debug|Any CPU.Build.0 = Debug|Any CPU
		{F167DE7D-BD11-40F8-8537-4C971501B035}.Release|Any CPU.ActiveCfg = Release|Any CPU
		{F167DE7D-BD11-40F8-8537-4C971501B035}.Release|Any CPU.Build.0 = Release|Any CPU
	EndGlobalSection
	GlobalSection(SolutionProperties) = preSolution
		HideSolutionNode = FALSE
	EndGlobalSection
	GlobalSection(ExtensibilityGlobals) = postSolution
		SolutionGuid = {D95EF12A-1E3A-4036-A5E7-C43461DA4818}
	EndGlobalSection
EndGlobal
